<?xml version="1.0" encoding="utf-8"?>
<Project ToolsVersion="4.0" xmlns="http://schemas.microsoft.com/developer/msbuild/2003">
  <ItemGroup>
    <Filter Include="Source Files">
      <UniqueIdentifier>{4FC737F1-C7A5-4376-A066-2A32D752A2FF}</UniqueIdentifier>
      <Extensions>cpp;c;cc;cxx;c++;cppm;ixx;def;odl;idl;hpj;bat;asm;asmx</Extensions>
    </Filter>
    <Filter Include="Header Files">
      <UniqueIdentifier>{93995380-89BD-4b04-88EB-625FBE52EBFB}</UniqueIdentifier>
      <Extensions>h;hh;hpp;hxx;h++;hm;inl;inc;ipp;xsd</Extensions>
    </Filter>
    <Filter Include="Resource Files">
      <UniqueIdentifier>{67DA6AB6-F800-4c08-8B7A-83BB121AAD01}</UniqueIdentifier>
      <Extensions>rc;ico;cur;bmp;dlg;rc2;rct;bin;rgs;gif;jpg;jpeg;jpe;resx;tiff;tif;png;wav;mfcribbon-ms</Extensions>
    </Filter>
  </ItemGroup>
  <ItemGroup>
    <ClCompile Include="Root.cpp">
      <Filter>Source Files</Filter>
    </ClCompile>
    <ClCompile Include="GodotLibrary.cpp">
      <Filter>Source Files</Filter>
    </ClCompile>
    <ClCompile Include="Player.cpp">
      <Filter>Source Files</Filter>
    </ClCompile>
    <ClCompile Include="Restaurant.cpp">
      <Filter>Source Files</Filter>
    </ClCompile>
    <ClCompile Include="obj.cpp">
      <Filter>Source Files</Filter>
    </ClCompile>
    <ClCompile Include="data.cpp">
      <Filter>Source Files</Filter>
    </ClCompile>
    <ClCompile Include="main_loop.cpp">
      <Filter>Source Files</Filter>
    </ClCompile>
    <ClCompile Include="City.cpp">
      <Filter>Source Files</Filter>
    </ClCompile>
    <ClCompile Include="AgriculturalProduction.cpp">
      <Filter>Source Files</Filter>
    </ClCompile>
    <ClCompile Include="AllPhysicalGoodsFactories.cpp">
      <Filter>Source Files</Filter>
    </ClCompile>
    <ClCompile Include="Car.cpp">
      <Filter>Source Files</Filter>
    </ClCompile>
    <ClCompile Include="CoalPowerPlant.cpp">
      <Filter>Source Files</Filter>
    </ClCompile>
    <ClCompile Include="Education.cpp">
      <Filter>Source Files</Filter>
    </ClCompile>
    <ClCompile Include="ElectricCar.cpp">
      <Filter>Source Files</Filter>
    </ClCompile>
    <ClCompile Include="Health.cpp">
      <Filter>Source Files</Filter>
    </ClCompile>
    <ClCompile Include="HighBuilding.cpp">
      <Filter>Source Files</Filter>
    </ClCompile>
    <ClCompile Include="HighHouse.cpp">
      <Filter>Source Files</Filter>
    </ClCompile>
    <ClCompile Include="LowBuilding.cpp">
      <Filter>Source Files</Filter>
    </ClCompile>
    <ClCompile Include="LowHouse.cpp">
      <Filter>Source Files</Filter>
    </ClCompile>
    <ClCompile Include="main.cpp">
      <Filter>Source Files</Filter>
    </ClCompile>
    <ClCompile Include="Mall.cpp">
      <Filter>Source Files</Filter>
    </ClCompile>
    <ClCompile Include="menu.cpp">
      <Filter>Source Files</Filter>
    </ClCompile>
    <ClCompile Include="NuclearPowerPlant.cpp">
      <Filter>Source Files</Filter>
    </ClCompile>
    <ClCompile Include="plots.cpp">
      <Filter>Source Files</Filter>
    </ClCompile>
    <ClCompile Include="RecyclingFactory.cpp">
      <Filter>Source Files</Filter>
    </ClCompile>
    <ClCompile Include="Services.cpp">
      <Filter>Source Files</Filter>
    </ClCompile>
    <ClCompile Include="sidebar.cpp">
      <Filter>Source Files</Filter>
    </ClCompile>
    <ClCompile Include="SmallShop.cpp">
      <Filter>Source Files</Filter>
    </ClCompile>
    <ClCompile Include="Tram.cpp">
      <Filter>Source Files</Filter>
    </ClCompile>
    <ClCompile Include="Transport.cpp">
      <Filter>Source Files</Filter>
    </ClCompile>
    <ClCompile Include="Windmill.cpp">
      <Filter>Source Files</Filter>
    </ClCompile>
  </ItemGroup>
  <ItemGroup>
    <ClInclude Include="Player.h">
      <Filter>Header Files</Filter>
    </ClInclude>
    <ClInclude Include="Root.h">
      <Filter>Header Files</Filter>
    </ClInclude>
    <ClInclude Include="Restaurant.h">
      <Filter>Header Files</Filter>
    </ClInclude>
    <ClInclude Include="obj.h">
      <Filter>Header Files</Filter>
    </ClInclude>
    <ClInclude Include="data.h">
      <Filter>Header Files</Filter>
    </ClInclude>
    <ClInclude Include="City.h">
      <Filter>Header Files</Filter>
    </ClInclude>
    <ClInclude Include="AgriculturalProduction.h">
      <Filter>Header Files</Filter>
    </ClInclude>
    <ClInclude Include="AllPhysicalGoodsFactories.h">
      <Filter>Header Files</Filter>
    </ClInclude>
    <ClInclude Include="Car.h">
      <Filter>Header Files</Filter>
    </ClInclude>
    <ClInclude Include="CoalPowerPlant.h">
      <Filter>Header Files</Filter>
    </ClInclude>
    <ClInclude Include="Education.h">
      <Filter>Header Files</Filter>
    </ClInclude>
    <ClInclude Include="ElectricCar.h">
      <Filter>Header Files</Filter>
    </ClInclude>
    <ClInclude Include="Health.h">
      <Filter>Header Files</Filter>
    </ClInclude>
    <ClInclude Include="HighBuilding.h">
      <Filter>Header Files</Filter>
    </ClInclude>
    <ClInclude Include="HighHouse.h">
      <Filter>Header Files</Filter>
    </ClInclude>
    <ClInclude Include="LowBuilding.h">
      <Filter>Header Files</Filter>
    </ClInclude>
    <ClInclude Include="LowHouse.h">
      <Filter>Header Files</Filter>
    </ClInclude>
    <ClInclude Include="main.h">
      <Filter>Header Files</Filter>
    </ClInclude>
    <ClInclude Include="Mall.h">
      <Filter>Header Files</Filter>
    </ClInclude>
    <ClInclude Include="menu.h">
      <Filter>Header Files</Filter>
    </ClInclude>
    <ClInclude Include="NuclearPowerPlant.h">
      <Filter>Header Files</Filter>
    </ClInclude>
    <ClInclude Include="plots.h">
      <Filter>Header Files</Filter>
    </ClInclude>
    <ClInclude Include="RecyclingFactory.h">
      <Filter>Header Files</Filter>
    </ClInclude>
    <ClInclude Include="Services.h">
      <Filter>Header Files</Filter>
    </ClInclude>
    <ClInclude Include="sidebar.h">
      <Filter>Header Files</Filter>
    </ClInclude>
    <ClInclude Include="SmallShop.h">
      <Filter>Header Files</Filter>
    </ClInclude>
    <ClInclude Include="Tram.h">
      <Filter>Header Files</Filter>
    </ClInclude>
    <ClInclude Include="Transport.h">
      <Filter>Header Files</Filter>
    </ClInclude>
    <ClInclude Include="Windmill.h">
      <Filter>Header Files</Filter>
    </ClInclude>
  </ItemGroup>
</Project>